
Microsoft Visual Studio Solution File, Format Version 12.00
# Visual Studio Version 17
VisualStudioVersion = 17.3.32901.215
MinimumVisualStudioVersion = 10.0.40219.1
Project("{FAE04EC0-301F-11D3-BF4B-00C04F79EFBC}") = "WineShop", "WineShop.csproj", "{30642775-C8E3-4174-93D3-8915A53A1CF4}"
EndProject
Global
	GlobalSection(SolutionConfigurationPlatforms) = preSolution
		Debug|Any CPU = Debug|Any CPU
		Release|Any CPU = Release|Any CPU
	EndGlobalSection
	GlobalSection(ProjectConfigurationPlatforms) = postSolution
		{30642775-C8E3-4174-93D3-8915A53A1CF4}.Debug|Any CPU.ActiveCfg = Debug|Any CPU
		{30642775-C8E3-4174-93D3-8915A53A1CF4}.Debug|Any CPU.Build.0 = Debug|Any CPU
		{30642775-C8E3-4174-93D3-8915A53A1CF4}.Release|Any CPU.ActiveCfg = Release|Any CPU
		{30642775-C8E3-4174-93D3-8915A53A1CF4}.Release|Any CPU.Build.0 = Release|Any CPU
	EndGlobalSection
	GlobalSection(SolutionProperties) = preSolution
		HideSolutionNode = FALSE
	EndGlobalSection
	GlobalSection(ExtensibilityGlobals) = postSolution
		SolutionGuid = {D522BDE4-FD0C-4813-AF1B-120CF0FBA007}
	EndGlobalSection
EndGlobal
