
Microsoft Visual Studio Solution File, Format Version 12.00
# Visual Studio Version 17
VisualStudioVersion = 17.3.32901.215
MinimumVisualStudioVersion = 10.0.40219.1
Project("{FAE04EC0-301F-11D3-BF4B-00C04F79EFBC}") = "CookpadDLL", "CookpadDLL.csproj", "{E4CDEBBE-9985-49A5-9A93-1D763E423C54}"
EndProject
Project("{FAE04EC0-301F-11D3-BF4B-00C04F79EFBC}") = "CookpadForm", "..\CookpadForm\CookpadForm.csproj", "{23E468E3-9751-405B-852E-084485AA38DE}"
EndProject
Global
	GlobalSection(SolutionConfigurationPlatforms) = preSolution
		Debug|Any CPU = Debug|Any CPU
		Release|Any CPU = Release|Any CPU
	EndGlobalSection
	GlobalSection(ProjectConfigurationPlatforms) = postSolution
		{E4CDEBBE-9985-49A5-9A93-1D763E423C54}.Debug|Any CPU.ActiveCfg = Debug|Any CPU
		{E4CDEBBE-9985-49A5-9A93-1D763E423C54}.Debug|Any CPU.Build.0 = Debug|Any CPU
		{E4CDEBBE-9985-49A5-9A93-1D763E423C54}.Release|Any CPU.ActiveCfg = Release|Any CPU
		{E4CDEBBE-9985-49A5-9A93-1D763E423C54}.Release|Any CPU.Build.0 = Release|Any CPU
		{23E468E3-9751-405B-852E-084485AA38DE}.Debug|Any CPU.ActiveCfg = Debug|Any CPU
		{23E468E3-9751-405B-852E-084485AA38DE}.Debug|Any CPU.Build.0 = Debug|Any CPU
		{23E468E3-9751-405B-852E-084485AA38DE}.Release|Any CPU.ActiveCfg = Release|Any CPU
		{23E468E3-9751-405B-852E-084485AA38DE}.Release|Any CPU.Build.0 = Release|Any CPU
	EndGlobalSection
	GlobalSection(SolutionProperties) = preSolution
		HideSolutionNode = FALSE
	EndGlobalSection
	GlobalSection(ExtensibilityGlobals) = postSolution
		SolutionGuid = {75C84F28-4310-4A09-82D8-156889F4DF97}
	EndGlobalSection
EndGlobal
