
Microsoft Visual Studio Solution File, Format Version 12.00
# Visual Studio Version 17
VisualStudioVersion = 17.3.32901.215
MinimumVisualStudioVersion = 10.0.40219.1
Project("{FAE04EC0-301F-11D3-BF4B-00C04F79EFBC}") = "Adibidea", "Adibidea.csproj", "{148C018B-B615-45F4-B5C6-BCF9428C3F14}"
EndProject
Global
	GlobalSection(SolutionConfigurationPlatforms) = preSolution
		Debug|Any CPU = Debug|Any CPU
		Release|Any CPU = Release|Any CPU
	EndGlobalSection
	GlobalSection(ProjectConfigurationPlatforms) = postSolution
		{148C018B-B615-45F4-B5C6-BCF9428C3F14}.Debug|Any CPU.ActiveCfg = Debug|Any CPU
		{148C018B-B615-45F4-B5C6-BCF9428C3F14}.Debug|Any CPU.Build.0 = Debug|Any CPU
		{148C018B-B615-45F4-B5C6-BCF9428C3F14}.Release|Any CPU.ActiveCfg = Release|Any CPU
		{148C018B-B615-45F4-B5C6-BCF9428C3F14}.Release|Any CPU.Build.0 = Release|Any CPU
	EndGlobalSection
	GlobalSection(SolutionProperties) = preSolution
		HideSolutionNode = FALSE
	EndGlobalSection
	GlobalSection(ExtensibilityGlobals) = postSolution
		SolutionGuid = {D2A8E907-EB04-48F5-BD5E-DE67971719AE}
	EndGlobalSection
EndGlobal
